
Microsoft Visual Studio Solution File, Format Version 12.00
# Visual Studio Version 17
VisualStudioVersion = 17.0.31903.59
MinimumVisualStudioVersion = 10.0.40219.1
Project("{FAE04EC0-301F-11D3-BF4B-00C04F79EFBC}") = "Deployment.Domain", "Deployment.Domain\Deployment.Domain.csproj", "{7B6B108A-E40C-4223-BD89-06807947E423}"
EndProject
Project("{FAE04EC0-301F-11D3-BF4B-00C04F79EFBC}") = "Deployment.Contracts", "Deployment.Contracts\Deployment.Contracts.csproj", "{A365F234-9D3F-4ABB-BF1D-5730FFAB8366}"
EndProject
Project("{FAE04EC0-301F-11D3-BF4B-00C04F79EFBC}") = "Deployment.Application", "Deployment.Application\Deployment.Application.csproj", "{EED8E63F-6479-46E6-A083-ADA799BD313B}"
EndProject
Project("{FAE04EC0-301F-11D3-BF4B-00C04F79EFBC}") = "Cicd.IntegrationEvents", "..\shared\Cicd.IntegrationEvents\Cicd.IntegrationEvents.csproj", "{CF772AE9-5F28-4AA7-A15D-6158A3BA8515}"
EndProject
Project("{FAE04EC0-301F-11D3-BF4B-00C04F79EFBC}") = "Deployment.Infrastructure", "Deployment.Infrastructure\Deployment.Infrastructure.csproj", "{AC3BABB7-4D80-45B2-AC8C-6D95F0BCD31C}"
EndProject
Project("{FAE04EC0-301F-11D3-BF4B-00C04F79EFBC}") = "Deployment.Api", "Deployment.Api\Deployment.Api.csproj", "{31E0372E-20C7-452B-9A9F-5DB0B234898E}"
EndProject
Project("{FAE04EC0-301F-11D3-BF4B-00C04F79EFBC}") = "Cicd.Aspire.ServiceDefaults", "..\Aspire\Cicd.Aspire.ServiceDefaults\Cicd.Aspire.ServiceDefaults.csproj", "{CA2CF53E-8F7B-48AE-A970-DB1F4F68CA28}"
EndProject
Project("{FAE04EC0-301F-11D3-BF4B-00C04F79EFBC}") = "Cicd.Messaging", "..\shared\Cicd.Messaging\Cicd.Messaging.csproj", "{B051FF36-8965-4CDB-BC4B-9EBEB0007005}"
EndProject
Global
	GlobalSection(SolutionConfigurationPlatforms) = preSolution
		Debug|Any CPU = Debug|Any CPU
		Debug|x64 = Debug|x64
		Debug|x86 = Debug|x86
		Release|Any CPU = Release|Any CPU
		Release|x64 = Release|x64
		Release|x86 = Release|x86
	EndGlobalSection
	GlobalSection(ProjectConfigurationPlatforms) = postSolution
		{7B6B108A-E40C-4223-BD89-06807947E423}.Debug|Any CPU.ActiveCfg = Debug|Any CPU
		{7B6B108A-E40C-4223-BD89-06807947E423}.Debug|Any CPU.Build.0 = Debug|Any CPU
		{7B6B108A-E40C-4223-BD89-06807947E423}.Debug|x64.ActiveCfg = Debug|Any CPU
		{7B6B108A-E40C-4223-BD89-06807947E423}.Debug|x64.Build.0 = Debug|Any CPU
		{7B6B108A-E40C-4223-BD89-06807947E423}.Debug|x86.ActiveCfg = Debug|Any CPU
		{7B6B108A-E40C-4223-BD89-06807947E423}.Debug|x86.Build.0 = Debug|Any CPU
		{7B6B108A-E40C-4223-BD89-06807947E423}.Release|Any CPU.ActiveCfg = Release|Any CPU
		{7B6B108A-E40C-4223-BD89-06807947E423}.Release|Any CPU.Build.0 = Release|Any CPU
		{7B6B108A-E40C-4223-BD89-06807947E423}.Release|x64.ActiveCfg = Release|Any CPU
		{7B6B108A-E40C-4223-BD89-06807947E423}.Release|x64.Build.0 = Release|Any CPU
		{7B6B108A-E40C-4223-BD89-06807947E423}.Release|x86.ActiveCfg = Release|Any CPU
		{7B6B108A-E40C-4223-BD89-06807947E423}.Release|x86.Build.0 = Release|Any CPU
		{A365F234-9D3F-4ABB-BF1D-5730FFAB8366}.Debug|Any CPU.ActiveCfg = Debug|Any CPU
		{A365F234-9D3F-4ABB-BF1D-5730FFAB8366}.Debug|Any CPU.Build.0 = Debug|Any CPU
		{A365F234-9D3F-4ABB-BF1D-5730FFAB8366}.Debug|x64.ActiveCfg = Debug|Any CPU
		{A365F234-9D3F-4ABB-BF1D-5730FFAB8366}.Debug|x64.Build.0 = Debug|Any CPU
		{A365F234-9D3F-4ABB-BF1D-5730FFAB8366}.Debug|x86.ActiveCfg = Debug|Any CPU
		{A365F234-9D3F-4ABB-BF1D-5730FFAB8366}.Debug|x86.Build.0 = Debug|Any CPU
		{A365F234-9D3F-4ABB-BF1D-5730FFAB8366}.Release|Any CPU.ActiveCfg = Release|Any CPU
		{A365F234-9D3F-4ABB-BF1D-5730FFAB8366}.Release|Any CPU.Build.0 = Release|Any CPU
		{A365F234-9D3F-4ABB-BF1D-5730FFAB8366}.Release|x64.ActiveCfg = Release|Any CPU
		{A365F234-9D3F-4ABB-BF1D-5730FFAB8366}.Release|x64.Build.0 = Release|Any CPU
		{A365F234-9D3F-4ABB-BF1D-5730FFAB8366}.Release|x86.ActiveCfg = Release|Any CPU
		{A365F234-9D3F-4ABB-BF1D-5730FFAB8366}.Release|x86.Build.0 = Release|Any CPU
		{EED8E63F-6479-46E6-A083-ADA799BD313B}.Debug|Any CPU.ActiveCfg = Debug|Any CPU
		{EED8E63F-6479-46E6-A083-ADA799BD313B}.Debug|Any CPU.Build.0 = Debug|Any CPU
		{EED8E63F-6479-46E6-A083-ADA799BD313B}.Debug|x64.ActiveCfg = Debug|Any CPU
		{EED8E63F-6479-46E6-A083-ADA799BD313B}.Debug|x64.Build.0 = Debug|Any CPU
		{EED8E63F-6479-46E6-A083-ADA799BD313B}.Debug|x86.ActiveCfg = Debug|Any CPU
		{EED8E63F-6479-46E6-A083-ADA799BD313B}.Debug|x86.Build.0 = Debug|Any CPU
		{EED8E63F-6479-46E6-A083-ADA799BD313B}.Release|Any CPU.ActiveCfg = Release|Any CPU
		{EED8E63F-6479-46E6-A083-ADA799BD313B}.Release|Any CPU.Build.0 = Release|Any CPU
		{EED8E63F-6479-46E6-A083-ADA799BD313B}.Release|x64.ActiveCfg = Release|Any CPU
		{EED8E63F-6479-46E6-A083-ADA799BD313B}.Release|x64.Build.0 = Release|Any CPU
		{EED8E63F-6479-46E6-A083-ADA799BD313B}.Release|x86.ActiveCfg = Release|Any CPU
		{EED8E63F-6479-46E6-A083-ADA799BD313B}.Release|x86.Build.0 = Release|Any CPU
		{CF772AE9-5F28-4AA7-A15D-6158A3BA8515}.Debug|Any CPU.ActiveCfg = Debug|Any CPU
		{CF772AE9-5F28-4AA7-A15D-6158A3BA8515}.Debug|Any CPU.Build.0 = Debug|Any CPU
		{CF772AE9-5F28-4AA7-A15D-6158A3BA8515}.Debug|x64.ActiveCfg = Debug|Any CPU
		{CF772AE9-5F28-4AA7-A15D-6158A3BA8515}.Debug|x64.Build.0 = Debug|Any CPU
		{CF772AE9-5F28-4AA7-A15D-6158A3BA8515}.Debug|x86.ActiveCfg = Debug|Any CPU
		{CF772AE9-5F28-4AA7-A15D-6158A3BA8515}.Debug|x86.Build.0 = Debug|Any CPU
		{CF772AE9-5F28-4AA7-A15D-6158A3BA8515}.Release|Any CPU.ActiveCfg = Release|Any CPU
		{CF772AE9-5F28-4AA7-A15D-6158A3BA8515}.Release|Any CPU.Build.0 = Release|Any CPU
		{CF772AE9-5F28-4AA7-A15D-6158A3BA8515}.Release|x64.ActiveCfg = Release|Any CPU
		{CF772AE9-5F28-4AA7-A15D-6158A3BA8515}.Release|x64.Build.0 = Release|Any CPU
		{CF772AE9-5F28-4AA7-A15D-6158A3BA8515}.Release|x86.ActiveCfg = Release|Any CPU
		{CF772AE9-5F28-4AA7-A15D-6158A3BA8515}.Release|x86.Build.0 = Release|Any CPU
		{AC3BABB7-4D80-45B2-AC8C-6D95F0BCD31C}.Debug|Any CPU.ActiveCfg = Debug|Any CPU
		{AC3BABB7-4D80-45B2-AC8C-6D95F0BCD31C}.Debug|Any CPU.Build.0 = Debug|Any CPU
		{AC3BABB7-4D80-45B2-AC8C-6D95F0BCD31C}.Debug|x64.ActiveCfg = Debug|Any CPU
		{AC3BABB7-4D80-45B2-AC8C-6D95F0BCD31C}.Debug|x64.Build.0 = Debug|Any CPU
		{AC3BABB7-4D80-45B2-AC8C-6D95F0BCD31C}.Debug|x86.ActiveCfg = Debug|Any CPU
		{AC3BABB7-4D80-45B2-AC8C-6D95F0BCD31C}.Debug|x86.Build.0 = Debug|Any CPU
		{AC3BABB7-4D80-45B2-AC8C-6D95F0BCD31C}.Release|Any CPU.ActiveCfg = Release|Any CPU
		{AC3BABB7-4D80-45B2-AC8C-6D95F0BCD31C}.Release|Any CPU.Build.0 = Release|Any CPU
		{AC3BABB7-4D80-45B2-AC8C-6D95F0BCD31C}.Release|x64.ActiveCfg = Release|Any CPU
		{AC3BABB7-4D80-45B2-AC8C-6D95F0BCD31C}.Release|x64.Build.0 = Release|Any CPU
		{AC3BABB7-4D80-45B2-AC8C-6D95F0BCD31C}.Release|x86.ActiveCfg = Release|Any CPU
		{AC3BABB7-4D80-45B2-AC8C-6D95F0BCD31C}.Release|x86.Build.0 = Release|Any CPU
		{31E0372E-20C7-452B-9A9F-5DB0B234898E}.Debug|Any CPU.ActiveCfg = Debug|Any CPU
		{31E0372E-20C7-452B-9A9F-5DB0B234898E}.Debug|Any CPU.Build.0 = Debug|Any CPU
		{31E0372E-20C7-452B-9A9F-5DB0B234898E}.Debug|x64.ActiveCfg = Debug|Any CPU
		{31E0372E-20C7-452B-9A9F-5DB0B234898E}.Debug|x64.Build.0 = Debug|Any CPU
		{31E0372E-20C7-452B-9A9F-5DB0B234898E}.Debug|x86.ActiveCfg = Debug|Any CPU
		{31E0372E-20C7-452B-9A9F-5DB0B234898E}.Debug|x86.Build.0 = Debug|Any CPU
		{31E0372E-20C7-452B-9A9F-5DB0B234898E}.Release|Any CPU.ActiveCfg = Release|Any CPU
		{31E0372E-20C7-452B-9A9F-5DB0B234898E}.Release|Any CPU.Build.0 = Release|Any CPU
		{31E0372E-20C7-452B-9A9F-5DB0B234898E}.Release|x64.ActiveCfg = Release|Any CPU
		{31E0372E-20C7-452B-9A9F-5DB0B234898E}.Release|x64.Build.0 = Release|Any CPU
		{31E0372E-20C7-452B-9A9F-5DB0B234898E}.Release|x86.ActiveCfg = Release|Any CPU
		{31E0372E-20C7-452B-9A9F-5DB0B234898E}.Release|x86.Build.0 = Release|Any CPU
		{CA2CF53E-8F7B-48AE-A970-DB1F4F68CA28}.Debug|Any CPU.ActiveCfg = Debug|Any CPU
		{CA2CF53E-8F7B-48AE-A970-DB1F4F68CA28}.Debug|Any CPU.Build.0 = Debug|Any CPU
		{CA2CF53E-8F7B-48AE-A970-DB1F4F68CA28}.Debug|x64.ActiveCfg = Debug|Any CPU
		{CA2CF53E-8F7B-48AE-A970-DB1F4F68CA28}.Debug|x64.Build.0 = Debug|Any CPU
		{CA2CF53E-8F7B-48AE-A970-DB1F4F68CA28}.Debug|x86.ActiveCfg = Debug|Any CPU
		{CA2CF53E-8F7B-48AE-A970-DB1F4F68CA28}.Debug|x86.Build.0 = Debug|Any CPU
		{CA2CF53E-8F7B-48AE-A970-DB1F4F68CA28}.Release|Any CPU.ActiveCfg = Release|Any CPU
		{CA2CF53E-8F7B-48AE-A970-DB1F4F68CA28}.Release|Any CPU.Build.0 = Release|Any CPU
		{CA2CF53E-8F7B-48AE-A970-DB1F4F68CA28}.Release|x64.ActiveCfg = Release|Any CPU
		{CA2CF53E-8F7B-48AE-A970-DB1F4F68CA28}.Release|x64.Build.0 = Release|Any CPU
		{CA2CF53E-8F7B-48AE-A970-DB1F4F68CA28}.Release|x86.ActiveCfg = Release|Any CPU
		{CA2CF53E-8F7B-48AE-A970-DB1F4F68CA28}.Release|x86.Build.0 = Release|Any CPU
		{B051FF36-8965-4CDB-BC4B-9EBEB0007005}.Debug|Any CPU.ActiveCfg = Debug|Any CPU
		{B051FF36-8965-4CDB-BC4B-9EBEB0007005}.Debug|Any CPU.Build.0 = Debug|Any CPU
		{B051FF36-8965-4CDB-BC4B-9EBEB0007005}.Debug|x64.ActiveCfg = Debug|Any CPU
		{B051FF36-8965-4CDB-BC4B-9EBEB0007005}.Debug|x64.Build.0 = Debug|Any CPU
		{B051FF36-8965-4CDB-BC4B-9EBEB0007005}.Debug|x86.ActiveCfg = Debug|Any CPU
		{B051FF36-8965-4CDB-BC4B-9EBEB0007005}.Debug|x86.Build.0 = Debug|Any CPU
		{B051FF36-8965-4CDB-BC4B-9EBEB0007005}.Release|Any CPU.ActiveCfg = Release|Any CPU
		{B051FF36-8965-4CDB-BC4B-9EBEB0007005}.Release|Any CPU.Build.0 = Release|Any CPU
		{B051FF36-8965-4CDB-BC4B-9EBEB0007005}.Release|x64.ActiveCfg = Release|Any CPU
		{B051FF36-8965-4CDB-BC4B-9EBEB0007005}.Release|x64.Build.0 = Release|Any CPU
		{B051FF36-8965-4CDB-BC4B-9EBEB0007005}.Release|x86.ActiveCfg = Release|Any CPU
		{B051FF36-8965-4CDB-BC4B-9EBEB0007005}.Release|x86.Build.0 = Release|Any CPU
	EndGlobalSection
	GlobalSection(SolutionProperties) = preSolution
		HideSolutionNode = FALSE
	EndGlobalSection
EndGlobal
