
Microsoft Visual Studio Solution File, Format Version 12.00
# Visual Studio Version 18
VisualStudioVersion = 18.7.11811.120
MinimumVisualStudioVersion = 10.0.40219.1
Project("{FAE04EC0-301F-11D3-BF4B-00C04F79EFBC}") = "Web.Shared.Assets", "Web.Shared.Assets\Web.Shared.Assets.csproj", "{FB97D843-CA4A-46D0-A74E-7DECA8F7636B}"
EndProject
Project("{FAE04EC0-301F-11D3-BF4B-00C04F79EFBC}") = "Model.Weather", "Model.Weather\Model.Weather.csproj", "{851404AB-B498-40F2-A92B-562CD9541DA8}"
EndProject
Project("{FAE04EC0-301F-11D3-BF4B-00C04F79EFBC}") = "Api.Web.Weather", "Api.Web.Weather\Api.Web.Weather.csproj", "{B199F880-39F1-45CA-8A1D-27FF17891703}"
EndProject
Project("{FAE04EC0-301F-11D3-BF4B-00C04F79EFBC}") = "Web.AppHost", "Web.AppHost\Web.AppHost.csproj", "{B60FE820-44BB-4172-B5B6-6A3B0727D595}"
EndProject
Project("{FAE04EC0-301F-11D3-BF4B-00C04F79EFBC}") = "Web.Shared.Components", "Web.Shared.Components\Web.Shared.Components.csproj", "{FF5B01AF-A859-C815-390E-317206D485B2}"
EndProject
Project("{FAE04EC0-301F-11D3-BF4B-00C04F79EFBC}") = "Web.Shared", "Web.Shared\Web.Shared.csproj", "{D4AAA502-D0A6-9A3A-6BD9-F015023D0B91}"
EndProject
Project("{FAE04EC0-301F-11D3-BF4B-00C04F79EFBC}") = "Web.Components.Weather", "Web.Components.Weather\Web.Components.Weather.csproj", "{70DE0ED8-7469-4A64-8CF3-B74CD4571F48}"
EndProject
Project("{FAE04EC0-301F-11D3-BF4B-00C04F79EFBC}") = "Web.Shared.Components.Pages", "Web.Shared.Components.Pages\Web.Shared.Components.Pages.csproj", "{1DC16749-751A-48F3-862D-F066412AD03C}"
EndProject
Project("{FAE04EC0-301F-11D3-BF4B-00C04F79EFBC}") = "Web.Shared.Components.Layout", "Web.Shared.Components.Layout\Web.Shared.Components.Layout.csproj", "{608EF444-DE99-4074-AF5C-72AD8AD6B01E}"
EndProject
Project("{2150E333-8FDC-42A3-9474-1A3956D46DE8}") = "src", "src", "{589C34A1-34A5-4320-A0FC-1A272F12EB11}"
EndProject
Project("{FAE04EC0-301F-11D3-BF4B-00C04F79EFBC}") = "Aspire.AppHost", "Aspire\Aspire.AppHost\Aspire.AppHost.csproj", "{82AFC9AA-A7E7-4BAD-89B2-B0535F0DB769}"
EndProject
Project("{FAE04EC0-301F-11D3-BF4B-00C04F79EFBC}") = "Aspire.ServiceDefaults", "Aspire\Aspire.ServiceDefaults\Aspire.ServiceDefaults.csproj", "{5458901B-FF03-A43E-32AA-55EBE75ED657}"
EndProject
Project("{2150E333-8FDC-42A3-9474-1A3956D46DE8}") = "Hosts", "Hosts", "{ED1B428B-BF93-4BBE-A682-4741556158F5}"
EndProject
Project("{2150E333-8FDC-42A3-9474-1A3956D46DE8}") = "Aspire", "Aspire", "{7EBD855D-BDAB-4D7C-A1D0-A662868C7A04}"
EndProject
Project("{2150E333-8FDC-42A3-9474-1A3956D46DE8}") = "Api", "Api", "{0B68A1E8-312F-4FDB-AF2F-F901F99281F6}"
EndProject
Project("{2150E333-8FDC-42A3-9474-1A3956D46DE8}") = "Web", "Web", "{82D85888-9414-488E-BCC3-E0AF1E77E53E}"
EndProject
Project("{2150E333-8FDC-42A3-9474-1A3956D46DE8}") = "Model", "Model", "{C00FFD41-3D31-43FC-B29C-FC99C86697AC}"
EndProject
Project("{FAE04EC0-301F-11D3-BF4B-00C04F79EFBC}") = "Aspire.Api.WeatherService", "..\..\Aspire.Api.WeatherService\Aspire.Api.WeatherService.csproj", "{0BD5EBA1-1444-44AD-9B4F-542E84A2FCC8}"
EndProject
Project("{FAE04EC0-301F-11D3-BF4B-00C04F79EFBC}") = "Api.Web.Weather.AppHost", "Api.Web.Weather.AppHost\Api.Web.Weather.AppHost.csproj", "{8BD51F6F-C2E2-4713-AC78-C8BB204C7169}"
EndProject
Project("{2150E333-8FDC-42A3-9474-1A3956D46DE8}") = "Shared", "Shared", "{38035FC9-C40E-4FF6-94B6-C1E9AB0B0DC7}"
EndProject
Project("{2150E333-8FDC-42A3-9474-1A3956D46DE8}") = "Weather", "Weather", "{08B3C368-DCAC-47B2-84DB-7F86490244FC}"
EndProject
Global
	GlobalSection(SolutionConfigurationPlatforms) = preSolution
		Debug|Any CPU = Debug|Any CPU
		Debug|x64 = Debug|x64
		Debug|x86 = Debug|x86
		Release|Any CPU = Release|Any CPU
		Release|x64 = Release|x64
		Release|x86 = Release|x86
	EndGlobalSection
	GlobalSection(ProjectConfigurationPlatforms) = postSolution
		{FB97D843-CA4A-46D0-A74E-7DECA8F7636B}.Debug|Any CPU.ActiveCfg = Debug|Any CPU
		{FB97D843-CA4A-46D0-A74E-7DECA8F7636B}.Debug|Any CPU.Build.0 = Debug|Any CPU
		{FB97D843-CA4A-46D0-A74E-7DECA8F7636B}.Debug|x64.ActiveCfg = Debug|Any CPU
		{FB97D843-CA4A-46D0-A74E-7DECA8F7636B}.Debug|x64.Build.0 = Debug|Any CPU
		{FB97D843-CA4A-46D0-A74E-7DECA8F7636B}.Debug|x86.ActiveCfg = Debug|Any CPU
		{FB97D843-CA4A-46D0-A74E-7DECA8F7636B}.Debug|x86.Build.0 = Debug|Any CPU
		{FB97D843-CA4A-46D0-A74E-7DECA8F7636B}.Release|Any CPU.ActiveCfg = Release|Any CPU
		{FB97D843-CA4A-46D0-A74E-7DECA8F7636B}.Release|Any CPU.Build.0 = Release|Any CPU
		{FB97D843-CA4A-46D0-A74E-7DECA8F7636B}.Release|x64.ActiveCfg = Release|Any CPU
		{FB97D843-CA4A-46D0-A74E-7DECA8F7636B}.Release|x64.Build.0 = Release|Any CPU
		{FB97D843-CA4A-46D0-A74E-7DECA8F7636B}.Release|x86.ActiveCfg = Release|Any CPU
		{FB97D843-CA4A-46D0-A74E-7DECA8F7636B}.Release|x86.Build.0 = Release|Any CPU
		{851404AB-B498-40F2-A92B-562CD9541DA8}.Debug|Any CPU.ActiveCfg = Debug|Any CPU
		{851404AB-B498-40F2-A92B-562CD9541DA8}.Debug|Any CPU.Build.0 = Debug|Any CPU
		{851404AB-B498-40F2-A92B-562CD9541DA8}.Debug|x64.ActiveCfg = Debug|Any CPU
		{851404AB-B498-40F2-A92B-562CD9541DA8}.Debug|x64.Build.0 = Debug|Any CPU
		{851404AB-B498-40F2-A92B-562CD9541DA8}.Debug|x86.ActiveCfg = Debug|Any CPU
		{851404AB-B498-40F2-A92B-562CD9541DA8}.Debug|x86.Build.0 = Debug|Any CPU
		{851404AB-B498-40F2-A92B-562CD9541DA8}.Release|Any CPU.ActiveCfg = Release|Any CPU
		{851404AB-B498-40F2-A92B-562CD9541DA8}.Release|Any CPU.Build.0 = Release|Any CPU
		{851404AB-B498-40F2-A92B-562CD9541DA8}.Release|x64.ActiveCfg = Release|Any CPU
		{851404AB-B498-40F2-A92B-562CD9541DA8}.Release|x64.Build.0 = Release|Any CPU
		{851404AB-B498-40F2-A92B-562CD9541DA8}.Release|x86.ActiveCfg = Release|Any CPU
		{851404AB-B498-40F2-A92B-562CD9541DA8}.Release|x86.Build.0 = Release|Any CPU
		{B199F880-39F1-45CA-8A1D-27FF17891703}.Debug|Any CPU.ActiveCfg = Debug|Any CPU
		{B199F880-39F1-45CA-8A1D-27FF17891703}.Debug|Any CPU.Build.0 = Debug|Any CPU
		{B199F880-39F1-45CA-8A1D-27FF17891703}.Debug|x64.ActiveCfg = Debug|Any CPU
		{B199F880-39F1-45CA-8A1D-27FF17891703}.Debug|x64.Build.0 = Debug|Any CPU
		{B199F880-39F1-45CA-8A1D-27FF17891703}.Debug|x86.ActiveCfg = Debug|Any CPU
		{B199F880-39F1-45CA-8A1D-27FF17891703}.Debug|x86.Build.0 = Debug|Any CPU
		{B199F880-39F1-45CA-8A1D-27FF17891703}.Release|Any CPU.ActiveCfg = Release|Any CPU
		{B199F880-39F1-45CA-8A1D-27FF17891703}.Release|Any CPU.Build.0 = Release|Any CPU
		{B199F880-39F1-45CA-8A1D-27FF17891703}.Release|x64.ActiveCfg = Release|Any CPU
		{B199F880-39F1-45CA-8A1D-27FF17891703}.Release|x64.Build.0 = Release|Any CPU
		{B199F880-39F1-45CA-8A1D-27FF17891703}.Release|x86.ActiveCfg = Release|Any CPU
		{B199F880-39F1-45CA-8A1D-27FF17891703}.Release|x86.Build.0 = Release|Any CPU
		{B60FE820-44BB-4172-B5B6-6A3B0727D595}.Debug|Any CPU.ActiveCfg = Debug|Any CPU
		{B60FE820-44BB-4172-B5B6-6A3B0727D595}.Debug|Any CPU.Build.0 = Debug|Any CPU
		{B60FE820-44BB-4172-B5B6-6A3B0727D595}.Debug|x64.ActiveCfg = Debug|Any CPU
		{B60FE820-44BB-4172-B5B6-6A3B0727D595}.Debug|x64.Build.0 = Debug|Any CPU
		{B60FE820-44BB-4172-B5B6-6A3B0727D595}.Debug|x86.ActiveCfg = Debug|Any CPU
		{B60FE820-44BB-4172-B5B6-6A3B0727D595}.Debug|x86.Build.0 = Debug|Any CPU
		{B60FE820-44BB-4172-B5B6-6A3B0727D595}.Release|Any CPU.ActiveCfg = Release|Any CPU
		{B60FE820-44BB-4172-B5B6-6A3B0727D595}.Release|Any CPU.Build.0 = Release|Any CPU
		{B60FE820-44BB-4172-B5B6-6A3B0727D595}.Release|x64.ActiveCfg = Release|Any CPU
		{B60FE820-44BB-4172-B5B6-6A3B0727D595}.Release|x64.Build.0 = Release|Any CPU
		{B60FE820-44BB-4172-B5B6-6A3B0727D595}.Release|x86.ActiveCfg = Release|Any CPU
		{B60FE820-44BB-4172-B5B6-6A3B0727D595}.Release|x86.Build.0 = Release|Any CPU
		{FF5B01AF-A859-C815-390E-317206D485B2}.Debug|Any CPU.ActiveCfg = Debug|Any CPU
		{FF5B01AF-A859-C815-390E-317206D485B2}.Debug|Any CPU.Build.0 = Debug|Any CPU
		{FF5B01AF-A859-C815-390E-317206D485B2}.Debug|x64.ActiveCfg = Debug|Any CPU
		{FF5B01AF-A859-C815-390E-317206D485B2}.Debug|x64.Build.0 = Debug|Any CPU
		{FF5B01AF-A859-C815-390E-317206D485B2}.Debug|x86.ActiveCfg = Debug|Any CPU
		{FF5B01AF-A859-C815-390E-317206D485B2}.Debug|x86.Build.0 = Debug|Any CPU
		{FF5B01AF-A859-C815-390E-317206D485B2}.Release|Any CPU.ActiveCfg = Release|Any CPU
		{FF5B01AF-A859-C815-390E-317206D485B2}.Release|Any CPU.Build.0 = Release|Any CPU
		{FF5B01AF-A859-C815-390E-317206D485B2}.Release|x64.ActiveCfg = Release|Any CPU
		{FF5B01AF-A859-C815-390E-317206D485B2}.Release|x64.Build.0 = Release|Any CPU
		{FF5B01AF-A859-C815-390E-317206D485B2}.Release|x86.ActiveCfg = Release|Any CPU
		{FF5B01AF-A859-C815-390E-317206D485B2}.Release|x86.Build.0 = Release|Any CPU
		{D4AAA502-D0A6-9A3A-6BD9-F015023D0B91}.Debug|Any CPU.ActiveCfg = Debug|Any CPU
		{D4AAA502-D0A6-9A3A-6BD9-F015023D0B91}.Debug|Any CPU.Build.0 = Debug|Any CPU
		{D4AAA502-D0A6-9A3A-6BD9-F015023D0B91}.Debug|x64.ActiveCfg = Debug|Any CPU
		{D4AAA502-D0A6-9A3A-6BD9-F015023D0B91}.Debug|x64.Build.0 = Debug|Any CPU
		{D4AAA502-D0A6-9A3A-6BD9-F015023D0B91}.Debug|x86.ActiveCfg = Debug|Any CPU
		{D4AAA502-D0A6-9A3A-6BD9-F015023D0B91}.Debug|x86.Build.0 = Debug|Any CPU
		{D4AAA502-D0A6-9A3A-6BD9-F015023D0B91}.Release|Any CPU.ActiveCfg = Release|Any CPU
		{D4AAA502-D0A6-9A3A-6BD9-F015023D0B91}.Release|Any CPU.Build.0 = Release|Any CPU
		{D4AAA502-D0A6-9A3A-6BD9-F015023D0B91}.Release|x64.ActiveCfg = Release|Any CPU
		{D4AAA502-D0A6-9A3A-6BD9-F015023D0B91}.Release|x64.Build.0 = Release|Any CPU
		{D4AAA502-D0A6-9A3A-6BD9-F015023D0B91}.Release|x86.ActiveCfg = Release|Any CPU
		{D4AAA502-D0A6-9A3A-6BD9-F015023D0B91}.Release|x86.Build.0 = Release|Any CPU
		{70DE0ED8-7469-4A64-8CF3-B74CD4571F48}.Debug|Any CPU.ActiveCfg = Debug|Any CPU
		{70DE0ED8-7469-4A64-8CF3-B74CD4571F48}.Debug|Any CPU.Build.0 = Debug|Any CPU
		{70DE0ED8-7469-4A64-8CF3-B74CD4571F48}.Debug|x64.ActiveCfg = Debug|Any CPU
		{70DE0ED8-7469-4A64-8CF3-B74CD4571F48}.Debug|x64.Build.0 = Debug|Any CPU
		{70DE0ED8-7469-4A64-8CF3-B74CD4571F48}.Debug|x86.ActiveCfg = Debug|Any CPU
		{70DE0ED8-7469-4A64-8CF3-B74CD4571F48}.Debug|x86.Build.0 = Debug|Any CPU
		{70DE0ED8-7469-4A64-8CF3-B74CD4571F48}.Release|Any CPU.ActiveCfg = Release|Any CPU
		{70DE0ED8-7469-4A64-8CF3-B74CD4571F48}.Release|Any CPU.Build.0 = Release|Any CPU
		{70DE0ED8-7469-4A64-8CF3-B74CD4571F48}.Release|x64.ActiveCfg = Release|Any CPU
		{70DE0ED8-7469-4A64-8CF3-B74CD4571F48}.Release|x64.Build.0 = Release|Any CPU
		{70DE0ED8-7469-4A64-8CF3-B74CD4571F48}.Release|x86.ActiveCfg = Release|Any CPU
		{70DE0ED8-7469-4A64-8CF3-B74CD4571F48}.Release|x86.Build.0 = Release|Any CPU
		{1DC16749-751A-48F3-862D-F066412AD03C}.Debug|Any CPU.ActiveCfg = Debug|Any CPU
		{1DC16749-751A-48F3-862D-F066412AD03C}.Debug|Any CPU.Build.0 = Debug|Any CPU
		{1DC16749-751A-48F3-862D-F066412AD03C}.Debug|x64.ActiveCfg = Debug|Any CPU
		{1DC16749-751A-48F3-862D-F066412AD03C}.Debug|x64.Build.0 = Debug|Any CPU
		{1DC16749-751A-48F3-862D-F066412AD03C}.Debug|x86.ActiveCfg = Debug|Any CPU
		{1DC16749-751A-48F3-862D-F066412AD03C}.Debug|x86.Build.0 = Debug|Any CPU
		{1DC16749-751A-48F3-862D-F066412AD03C}.Release|Any CPU.ActiveCfg = Release|Any CPU
		{1DC16749-751A-48F3-862D-F066412AD03C}.Release|Any CPU.Build.0 = Release|Any CPU
		{1DC16749-751A-48F3-862D-F066412AD03C}.Release|x64.ActiveCfg = Release|Any CPU
		{1DC16749-751A-48F3-862D-F066412AD03C}.Release|x64.Build.0 = Release|Any CPU
		{1DC16749-751A-48F3-862D-F066412AD03C}.Release|x86.ActiveCfg = Release|Any CPU
		{1DC16749-751A-48F3-862D-F066412AD03C}.Release|x86.Build.0 = Release|Any CPU
		{608EF444-DE99-4074-AF5C-72AD8AD6B01E}.Debug|Any CPU.ActiveCfg = Debug|Any CPU
		{608EF444-DE99-4074-AF5C-72AD8AD6B01E}.Debug|Any CPU.Build.0 = Debug|Any CPU
		{608EF444-DE99-4074-AF5C-72AD8AD6B01E}.Debug|x64.ActiveCfg = Debug|Any CPU
		{608EF444-DE99-4074-AF5C-72AD8AD6B01E}.Debug|x64.Build.0 = Debug|Any CPU
		{608EF444-DE99-4074-AF5C-72AD8AD6B01E}.Debug|x86.ActiveCfg = Debug|Any CPU
		{608EF444-DE99-4074-AF5C-72AD8AD6B01E}.Debug|x86.Build.0 = Debug|Any CPU
		{608EF444-DE99-4074-AF5C-72AD8AD6B01E}.Release|Any CPU.ActiveCfg = Release|Any CPU
		{608EF444-DE99-4074-AF5C-72AD8AD6B01E}.Release|Any CPU.Build.0 = Release|Any CPU
		{608EF444-DE99-4074-AF5C-72AD8AD6B01E}.Release|x64.ActiveCfg = Release|Any CPU
		{608EF444-DE99-4074-AF5C-72AD8AD6B01E}.Release|x64.Build.0 = Release|Any CPU
		{608EF444-DE99-4074-AF5C-72AD8AD6B01E}.Release|x86.ActiveCfg = Release|Any CPU
		{608EF444-DE99-4074-AF5C-72AD8AD6B01E}.Release|x86.Build.0 = Release|Any CPU
		{82AFC9AA-A7E7-4BAD-89B2-B0535F0DB769}.Debug|Any CPU.ActiveCfg = Debug|Any CPU
		{82AFC9AA-A7E7-4BAD-89B2-B0535F0DB769}.Debug|Any CPU.Build.0 = Debug|Any CPU
		{82AFC9AA-A7E7-4BAD-89B2-B0535F0DB769}.Debug|x64.ActiveCfg = Debug|Any CPU
		{82AFC9AA-A7E7-4BAD-89B2-B0535F0DB769}.Debug|x64.Build.0 = Debug|Any CPU
		{82AFC9AA-A7E7-4BAD-89B2-B0535F0DB769}.Debug|x86.ActiveCfg = Debug|Any CPU
		{82AFC9AA-A7E7-4BAD-89B2-B0535F0DB769}.Debug|x86.Build.0 = Debug|Any CPU
		{82AFC9AA-A7E7-4BAD-89B2-B0535F0DB769}.Release|Any CPU.ActiveCfg = Release|Any CPU
		{82AFC9AA-A7E7-4BAD-89B2-B0535F0DB769}.Release|Any CPU.Build.0 = Release|Any CPU
		{82AFC9AA-A7E7-4BAD-89B2-B0535F0DB769}.Release|x64.ActiveCfg = Release|Any CPU
		{82AFC9AA-A7E7-4BAD-89B2-B0535F0DB769}.Release|x64.Build.0 = Release|Any CPU
		{82AFC9AA-A7E7-4BAD-89B2-B0535F0DB769}.Release|x86.ActiveCfg = Release|Any CPU
		{82AFC9AA-A7E7-4BAD-89B2-B0535F0DB769}.Release|x86.Build.0 = Release|Any CPU
		{5458901B-FF03-A43E-32AA-55EBE75ED657}.Debug|Any CPU.ActiveCfg = Debug|Any CPU
		{5458901B-FF03-A43E-32AA-55EBE75ED657}.Debug|Any CPU.Build.0 = Debug|Any CPU
		{5458901B-FF03-A43E-32AA-55EBE75ED657}.Debug|x64.ActiveCfg = Debug|Any CPU
		{5458901B-FF03-A43E-32AA-55EBE75ED657}.Debug|x64.Build.0 = Debug|Any CPU
		{5458901B-FF03-A43E-32AA-55EBE75ED657}.Debug|x86.ActiveCfg = Debug|Any CPU
		{5458901B-FF03-A43E-32AA-55EBE75ED657}.Debug|x86.Build.0 = Debug|Any CPU
		{5458901B-FF03-A43E-32AA-55EBE75ED657}.Release|Any CPU.ActiveCfg = Release|Any CPU
		{5458901B-FF03-A43E-32AA-55EBE75ED657}.Release|Any CPU.Build.0 = Release|Any CPU
		{5458901B-FF03-A43E-32AA-55EBE75ED657}.Release|x64.ActiveCfg = Release|Any CPU
		{5458901B-FF03-A43E-32AA-55EBE75ED657}.Release|x64.Build.0 = Release|Any CPU
		{5458901B-FF03-A43E-32AA-55EBE75ED657}.Release|x86.ActiveCfg = Release|Any CPU
		{5458901B-FF03-A43E-32AA-55EBE75ED657}.Release|x86.Build.0 = Release|Any CPU
		{0BD5EBA1-1444-44AD-9B4F-542E84A2FCC8}.Debug|Any CPU.ActiveCfg = Debug|Any CPU
		{0BD5EBA1-1444-44AD-9B4F-542E84A2FCC8}.Debug|Any CPU.Build.0 = Debug|Any CPU
		{0BD5EBA1-1444-44AD-9B4F-542E84A2FCC8}.Debug|x64.ActiveCfg = Debug|Any CPU
		{0BD5EBA1-1444-44AD-9B4F-542E84A2FCC8}.Debug|x64.Build.0 = Debug|Any CPU
		{0BD5EBA1-1444-44AD-9B4F-542E84A2FCC8}.Debug|x86.ActiveCfg = Debug|Any CPU
		{0BD5EBA1-1444-44AD-9B4F-542E84A2FCC8}.Debug|x86.Build.0 = Debug|Any CPU
		{0BD5EBA1-1444-44AD-9B4F-542E84A2FCC8}.Release|Any CPU.ActiveCfg = Release|Any CPU
		{0BD5EBA1-1444-44AD-9B4F-542E84A2FCC8}.Release|Any CPU.Build.0 = Release|Any CPU
		{0BD5EBA1-1444-44AD-9B4F-542E84A2FCC8}.Release|x64.ActiveCfg = Release|Any CPU
		{0BD5EBA1-1444-44AD-9B4F-542E84A2FCC8}.Release|x64.Build.0 = Release|Any CPU
		{0BD5EBA1-1444-44AD-9B4F-542E84A2FCC8}.Release|x86.ActiveCfg = Release|Any CPU
		{0BD5EBA1-1444-44AD-9B4F-542E84A2FCC8}.Release|x86.Build.0 = Release|Any CPU
		{8BD51F6F-C2E2-4713-AC78-C8BB204C7169}.Debug|Any CPU.ActiveCfg = Debug|Any CPU
		{8BD51F6F-C2E2-4713-AC78-C8BB204C7169}.Debug|Any CPU.Build.0 = Debug|Any CPU
		{8BD51F6F-C2E2-4713-AC78-C8BB204C7169}.Debug|x64.ActiveCfg = Debug|Any CPU
		{8BD51F6F-C2E2-4713-AC78-C8BB204C7169}.Debug|x64.Build.0 = Debug|Any CPU
		{8BD51F6F-C2E2-4713-AC78-C8BB204C7169}.Debug|x86.ActiveCfg = Debug|Any CPU
		{8BD51F6F-C2E2-4713-AC78-C8BB204C7169}.Debug|x86.Build.0 = Debug|Any CPU
		{8BD51F6F-C2E2-4713-AC78-C8BB204C7169}.Release|Any CPU.ActiveCfg = Release|Any CPU
		{8BD51F6F-C2E2-4713-AC78-C8BB204C7169}.Release|Any CPU.Build.0 = Release|Any CPU
		{8BD51F6F-C2E2-4713-AC78-C8BB204C7169}.Release|x64.ActiveCfg = Release|Any CPU
		{8BD51F6F-C2E2-4713-AC78-C8BB204C7169}.Release|x64.Build.0 = Release|Any CPU
		{8BD51F6F-C2E2-4713-AC78-C8BB204C7169}.Release|x86.ActiveCfg = Release|Any CPU
		{8BD51F6F-C2E2-4713-AC78-C8BB204C7169}.Release|x86.Build.0 = Release|Any CPU
	EndGlobalSection
	GlobalSection(SolutionProperties) = preSolution
		HideSolutionNode = FALSE
	EndGlobalSection
	GlobalSection(NestedProjects) = preSolution
		{FB97D843-CA4A-46D0-A74E-7DECA8F7636B} = {38035FC9-C40E-4FF6-94B6-C1E9AB0B0DC7}
		{851404AB-B498-40F2-A92B-562CD9541DA8} = {C00FFD41-3D31-43FC-B29C-FC99C86697AC}
		{B199F880-39F1-45CA-8A1D-27FF17891703} = {0B68A1E8-312F-4FDB-AF2F-F901F99281F6}
		{B60FE820-44BB-4172-B5B6-6A3B0727D595} = {ED1B428B-BF93-4BBE-A682-4741556158F5}
		{FF5B01AF-A859-C815-390E-317206D485B2} = {38035FC9-C40E-4FF6-94B6-C1E9AB0B0DC7}
		{D4AAA502-D0A6-9A3A-6BD9-F015023D0B91} = {38035FC9-C40E-4FF6-94B6-C1E9AB0B0DC7}
		{70DE0ED8-7469-4A64-8CF3-B74CD4571F48} = {08B3C368-DCAC-47B2-84DB-7F86490244FC}
		{1DC16749-751A-48F3-862D-F066412AD03C} = {38035FC9-C40E-4FF6-94B6-C1E9AB0B0DC7}
		{608EF444-DE99-4074-AF5C-72AD8AD6B01E} = {38035FC9-C40E-4FF6-94B6-C1E9AB0B0DC7}
		{82AFC9AA-A7E7-4BAD-89B2-B0535F0DB769} = {ED1B428B-BF93-4BBE-A682-4741556158F5}
		{5458901B-FF03-A43E-32AA-55EBE75ED657} = {7EBD855D-BDAB-4D7C-A1D0-A662868C7A04}
		{ED1B428B-BF93-4BBE-A682-4741556158F5} = {589C34A1-34A5-4320-A0FC-1A272F12EB11}
		{7EBD855D-BDAB-4D7C-A1D0-A662868C7A04} = {589C34A1-34A5-4320-A0FC-1A272F12EB11}
		{0B68A1E8-312F-4FDB-AF2F-F901F99281F6} = {589C34A1-34A5-4320-A0FC-1A272F12EB11}
		{82D85888-9414-488E-BCC3-E0AF1E77E53E} = {589C34A1-34A5-4320-A0FC-1A272F12EB11}
		{C00FFD41-3D31-43FC-B29C-FC99C86697AC} = {589C34A1-34A5-4320-A0FC-1A272F12EB11}
		{0BD5EBA1-1444-44AD-9B4F-542E84A2FCC8} = {7EBD855D-BDAB-4D7C-A1D0-A662868C7A04}
		{8BD51F6F-C2E2-4713-AC78-C8BB204C7169} = {ED1B428B-BF93-4BBE-A682-4741556158F5}
		{38035FC9-C40E-4FF6-94B6-C1E9AB0B0DC7} = {82D85888-9414-488E-BCC3-E0AF1E77E53E}
		{08B3C368-DCAC-47B2-84DB-7F86490244FC} = {82D85888-9414-488E-BCC3-E0AF1E77E53E}
	EndGlobalSection
	GlobalSection(ExtensibilityGlobals) = postSolution
		SolutionGuid = {7E91FD54-510B-438F-83A4-5587449F5924}
	EndGlobalSection
EndGlobal
